
Microsoft Visual Studio Solution File, Format Version 12.00
# Visual Studio Version 16
VisualStudioVersion = 16.0.30621.155
MinimumVisualStudioVersion = 10.0.40219.1
Project("{FAE04EC0-301F-11D3-BF4B-00C04F79EFBC}") = "ChallengeOne.Console", "GoldBadgeConsoleApplication\ChallengeOne.Console.csproj", "{9E60D96A-E8EE-4B83-9CD0-0331069553DD}"
EndProject
Project("{FAE04EC0-301F-11D3-BF4B-00C04F79EFBC}") = "ChallengeOne.UnitTest", "GoldBadgeApplicationUnitTest\ChallengeOne.UnitTest.csproj", "{E9F961AD-6064-4EA5-A9E7-17F3827B31B4}"
EndProject
Project("{FAE04EC0-301F-11D3-BF4B-00C04F79EFBC}") = "ChallengeOne.Repository", "GoldBadgeApplicationRepository\ChallengeOne.Repository.csproj", "{30EBBA43-E18F-4A9F-B0AB-B4427CA9888E}"
EndProject
Project("{FAE04EC0-301F-11D3-BF4B-00C04F79EFBC}") = "ChallengeTwo.Repository", "ChallengeTwo.Repository\ChallengeTwo.Repository.csproj", "{958C61F0-37DC-4201-AA30-F4D59D67DDA3}"
EndProject
Project("{FAE04EC0-301F-11D3-BF4B-00C04F79EFBC}") = "ChallengeThree.Console", "ChallengeThree.Console\ChallengeThree.Console.csproj", "{0B300BB2-9CB1-4309-B49D-0FB13C95B8BB}"
EndProject
Project("{FAE04EC0-301F-11D3-BF4B-00C04F79EFBC}") = "ChallengeThree.Repository", "ChallengeThree.Repository\ChallengeThree.Repository.csproj", "{877B2091-8C28-4FEE-AAFA-274E50A78347}"
EndProject
Project("{FAE04EC0-301F-11D3-BF4B-00C04F79EFBC}") = "ChallengeThreeUnitTests", "ChallengeThreeUnitTests\ChallengeThreeUnitTests.csproj", "{EA99DF90-51B9-448A-BBBD-D62A964701AD}"
EndProject
Project("{FAE04EC0-301F-11D3-BF4B-00C04F79EFBC}") = "ChallengeTwo.UnitTest", "ChallengeTwo.UnitTest\ChallengeTwo.UnitTest.csproj", "{0E3340BD-5922-427E-863F-CEA19B12D651}"
EndProject
Project("{FAE04EC0-301F-11D3-BF4B-00C04F79EFBC}") = "ChallengeTwo.Consoling", "ChallengeTwo.Consoling\ChallengeTwo.Consoling.csproj", "{715DCBAF-8B06-4D5B-8466-05AB890A5872}"
EndProject
Global
	GlobalSection(SolutionConfigurationPlatforms) = preSolution
		Debug|Any CPU = Debug|Any CPU
		Release|Any CPU = Release|Any CPU
	EndGlobalSection
	GlobalSection(ProjectConfigurationPlatforms) = postSolution
		{9E60D96A-E8EE-4B83-9CD0-0331069553DD}.Debug|Any CPU.ActiveCfg = Debug|Any CPU
		{9E60D96A-E8EE-4B83-9CD0-0331069553DD}.Debug|Any CPU.Build.0 = Debug|Any CPU
		{9E60D96A-E8EE-4B83-9CD0-0331069553DD}.Release|Any CPU.ActiveCfg = Release|Any CPU
		{9E60D96A-E8EE-4B83-9CD0-0331069553DD}.Release|Any CPU.Build.0 = Release|Any CPU
		{E9F961AD-6064-4EA5-A9E7-17F3827B31B4}.Debug|Any CPU.ActiveCfg = Debug|Any CPU
		{E9F961AD-6064-4EA5-A9E7-17F3827B31B4}.Debug|Any CPU.Build.0 = Debug|Any CPU
		{E9F961AD-6064-4EA5-A9E7-17F3827B31B4}.Release|Any CPU.ActiveCfg = Release|Any CPU
		{E9F961AD-6064-4EA5-A9E7-17F3827B31B4}.Release|Any CPU.Build.0 = Release|Any CPU
		{30EBBA43-E18F-4A9F-B0AB-B4427CA9888E}.Debug|Any CPU.ActiveCfg = Debug|Any CPU
		{30EBBA43-E18F-4A9F-B0AB-B4427CA9888E}.Debug|Any CPU.Build.0 = Debug|Any CPU
		{30EBBA43-E18F-4A9F-B0AB-B4427CA9888E}.Release|Any CPU.ActiveCfg = Release|Any CPU
		{30EBBA43-E18F-4A9F-B0AB-B4427CA9888E}.Release|Any CPU.Build.0 = Release|Any CPU
		{958C61F0-37DC-4201-AA30-F4D59D67DDA3}.Debug|Any CPU.ActiveCfg = Debug|Any CPU
		{958C61F0-37DC-4201-AA30-F4D59D67DDA3}.Debug|Any CPU.Build.0 = Debug|Any CPU
		{958C61F0-37DC-4201-AA30-F4D59D67DDA3}.Release|Any CPU.ActiveCfg = Release|Any CPU
		{958C61F0-37DC-4201-AA30-F4D59D67DDA3}.Release|Any CPU.Build.0 = Release|Any CPU
		{0B300BB2-9CB1-4309-B49D-0FB13C95B8BB}.Debug|Any CPU.ActiveCfg = Debug|Any CPU
		{0B300BB2-9CB1-4309-B49D-0FB13C95B8BB}.Debug|Any CPU.Build.0 = Debug|Any CPU
		{0B300BB2-9CB1-4309-B49D-0FB13C95B8BB}.Release|Any CPU.ActiveCfg = Release|Any CPU
		{0B300BB2-9CB1-4309-B49D-0FB13C95B8BB}.Release|Any CPU.Build.0 = Release|Any CPU
		{877B2091-8C28-4FEE-AAFA-274E50A78347}.Debug|Any CPU.ActiveCfg = Debug|Any CPU
		{877B2091-8C28-4FEE-AAFA-274E50A78347}.Debug|Any CPU.Build.0 = Debug|Any CPU
		{877B2091-8C28-4FEE-AAFA-274E50A78347}.Release|Any CPU.ActiveCfg = Release|Any CPU
		{877B2091-8C28-4FEE-AAFA-274E50A78347}.Release|Any CPU.Build.0 = Release|Any CPU
		{EA99DF90-51B9-448A-BBBD-D62A964701AD}.Debug|Any CPU.ActiveCfg = Debug|Any CPU
		{EA99DF90-51B9-448A-BBBD-D62A964701AD}.Debug|Any CPU.Build.0 = Debug|Any CPU
		{EA99DF90-51B9-448A-BBBD-D62A964701AD}.Release|Any CPU.ActiveCfg = Release|Any CPU
		{EA99DF90-51B9-448A-BBBD-D62A964701AD}.Release|Any CPU.Build.0 = Release|Any CPU
		{0E3340BD-5922-427E-863F-CEA19B12D651}.Debug|Any CPU.ActiveCfg = Debug|Any CPU
		{0E3340BD-5922-427E-863F-CEA19B12D651}.Debug|Any CPU.Build.0 = Debug|Any CPU
		{0E3340BD-5922-427E-863F-CEA19B12D651}.Release|Any CPU.ActiveCfg = Release|Any CPU
		{0E3340BD-5922-427E-863F-CEA19B12D651}.Release|Any CPU.Build.0 = Release|Any CPU
		{715DCBAF-8B06-4D5B-8466-05AB890A5872}.Debug|Any CPU.ActiveCfg = Debug|Any CPU
		{715DCBAF-8B06-4D5B-8466-05AB890A5872}.Debug|Any CPU.Build.0 = Debug|Any CPU
		{715DCBAF-8B06-4D5B-8466-05AB890A5872}.Release|Any CPU.ActiveCfg = Release|Any CPU
		{715DCBAF-8B06-4D5B-8466-05AB890A5872}.Release|Any CPU.Build.0 = Release|Any CPU
	EndGlobalSection
	GlobalSection(SolutionProperties) = preSolution
		HideSolutionNode = FALSE
	EndGlobalSection
	GlobalSection(ExtensibilityGlobals) = postSolution
		SolutionGuid = {5508B193-4C69-4163-8033-7A2F93FF7671}
	EndGlobalSection
EndGlobal
